// !$*UTF8*$!
{
	archiveVersion = 1;
	classes = {
	};
	objectVersion = 55;
	objects = {

/* Begin PBXBuildFile section */
		9466BF4A28F2AA760039724F /* OzmaApp.swift in Sources */ = {isa = PBXBuildFile; fileRef = 9466BF4928F2AA760039724F /* OzmaApp.swift */; };
		9466BF4C28F2AA760039724F /* ContentView.swift in Sources */ = {isa = PBXBuildFile; fileRef = 9466BF4B28F2AA760039724F /* ContentView.swift */; };
		9466BF4E28F2AA770039724F /* Assets.xcassets in Resources */ = {isa = PBXBuildFile; fileRef = 9466BF4D28F2AA770039724F /* Assets.xcassets */; };
		9466BF5128F2AA770039724F /* Preview Assets.xcassets in Resources */ = {isa = PBXBuildFile; fileRef = 9466BF5028F2AA770039724F /* Preview Assets.xcassets */; };
		9466BF5B28F2AA770039724F /* OzmaTests.swift in Sources */ = {isa = PBXBuildFile; fileRef = 9466BF5A28F2AA770039724F /* OzmaTests.swift */; };
		9466BF6528F2AA770039724F /* OzmaUITests.swift in Sources */ = {isa = PBXBuildFile; fileRef = 9466BF6428F2AA770039724F /* OzmaUITests.swift */; };
		9466BF6728F2AA770039724F /* OzmaUITestsLaunchTests.swift in Sources */ = {isa = PBXBuildFile; fileRef = 9466BF6628F2AA770039724F /* OzmaUITestsLaunchTests.swift */; };
/* End PBXBuildFile section */

/* Begin PBXContainerItemProxy section */
		9466BF5728F2AA770039724F /* PBXContainerItemProxy */ = {
			isa = PBXContainerItemProxy;
			containerPortal = 9466BF3E28F2AA760039724F /* Project object */;
			proxyType = 1;
			remoteGlobalIDString = 9466BF4528F2AA760039724F;
			remoteInfo = Ozma;
		};
		9466BF6128F2AA770039724F /* PBXContainerItemProxy */ = {
			isa = PBXContainerItemProxy;
			containerPortal = 9466BF3E28F2AA760039724F /* Project object */;
			proxyType = 1;
			remoteGlobalIDString = 9466BF4528F2AA760039724F;
			remoteInfo = Ozma;
		};
/* End PBXContainerItemProxy section */

/* Begin PBXFileReference section */
		9466BF4628F2AA760039724F /* Ozma.app */ = {isa = PBXFileReference; explicitFileType = wrapper.application; includeInIndex = 0; path = Ozma.app; sourceTree = BUILT_PRODUCTS_DIR; };
		9466BF4928F2AA760039724F /* OzmaApp.swift */ = {isa = PBXFileReference; lastKnownFileType = sourcecode.swift; path = OzmaApp.swift; sourceTree = "<group>"; };
		9466BF4B28F2AA760039724F /* ContentView.swift */ = {isa = PBXFileReference; lastKnownFileType = sourcecode.swift; path = ContentView.swift; sourceTree = "<group>"; };
		9466BF4D28F2AA770039724F /* Assets.xcassets */ = {isa = PBXFileReference; lastKnownFileType = folder.assetcatalog; path = Assets.xcassets; sourceTree = "<group>"; };
		9466BF5028F2AA770039724F /* Preview Assets.xcassets */ = {isa = PBXFileReference; lastKnownFileType = folder.assetcatalog; path = "Preview Assets.xcassets"; sourceTree = "<group>"; };
		9466BF5628F2AA770039724F /* OzmaTests.xctest */ = {isa = PBXFileReference; explicitFileType = wrapper.cfbundle; includeInIndex = 0; path = OzmaTests.xctest; sourceTree = BUILT_PRODUCTS_DIR; };
		9466BF5A28F2AA770039724F /* OzmaTests.swift */ = {isa = PBXFileReference; lastKnownFileType = sourcecode.swift; path = OzmaTests.swift; sourceTree = "<group>"; };
		9466BF6028F2AA770039724F /* OzmaUITests.xctest */ = {isa = PBXFileReference; explicitFileType = wrapper.cfbundle; includeInIndex = 0; path = OzmaUITests.xctest; sourceTree = BUILT_PRODUCTS_DIR; };
		9466BF6428F2AA770039724F /* OzmaUITests.swift */ = {isa = PBXFileReference; lastKnownFileType = sourcecode.swift; path = OzmaUITests.swift; sourceTree = "<group>"; };
		9466BF6628F2AA770039724F /* OzmaUITestsLaunchTests.swift */ = {isa = PBXFileReference; lastKnownFileType = sourcecode.swift; path = OzmaUITestsLaunchTests.swift; sourceTree = "<group>"; };
/* End PBXFileReference section */

/* Begin PBXFrameworksBuildPhase section */
		9466BF4328F2AA760039724F /* Frameworks */ = {
			isa = PBXFrameworksBuildPhase;
			buildActionMask = 2147483647;
			files = (
			);
			runOnlyForDeploymentPostprocessing = 0;
		};
		9466BF5328F2AA770039724F /* Frameworks */ = {
			isa = PBXFrameworksBuildPhase;
			buildActionMask = 2147483647;
			files = (
			);
			runOnlyForDeploymentPostprocessing = 0;
		};
		9466BF5D28F2AA770039724F /* Frameworks */ = {
			isa = PBXFrameworksBuildPhase;
			buildActionMask = 2147483647;
			files = (
			);
			runOnlyForDeploymentPostprocessing = 0;
		};
/* End PBXFrameworksBuildPhase section */

/* Begin PBXGroup section */
		9466BF3D28F2AA760039724F = {
			isa = PBXGroup;
			children = (
				9466BF4828F2AA760039724F /* Ozma */,
				9466BF5928F2AA770039724F /* OzmaTests */,
				9466BF6328F2AA770039724F /* OzmaUITests */,
				9466BF4728F2AA760039724F /* Products */,
			);
			sourceTree = "<group>";
		};
		9466BF4728F2AA760039724F /* Products */ = {
			isa = PBXGroup;
			children = (
				9466BF4628F2AA760039724F /* Ozma.app */,
				9466BF5628F2AA770039724F /* OzmaTests.xctest */,
				9466BF6028F2AA770039724F /* OzmaUITests.xctest */,
			);
			name = Products;
			sourceTree = "<group>";
		};
		9466BF4828F2AA760039724F /* Ozma */ = {
			isa = PBXGroup;
			children = (
				9466BF4928F2AA760039724F /* OzmaApp.swift */,
				9466BF4B28F2AA760039724F /* ContentView.swift */,
				9466BF4D28F2AA770039724F /* Assets.xcassets */,
				9466BF4F28F2AA770039724F /* Preview Content */,
			);
			path = Ozma;
			sourceTree = "<group>";
		};
		9466BF4F28F2AA770039724F /* Preview Content */ = {
			isa = PBXGroup;
			children = (
				9466BF5028F2AA770039724F /* Preview Assets.xcassets */,
			);
			path = "Preview Content";
			sourceTree = "<group>";
		};
		9466BF5928F2AA770039724F /* OzmaTests */ = {
			isa = PBXGroup;
			children = (
				9466BF5A28F2AA770039724F /* OzmaTests.swift */,
			);
			path = OzmaTests;
			sourceTree = "<group>";
		};
		9466BF6328F2AA770039724F /* OzmaUITests */ = {
			isa = PBXGroup;
			children = (
				9466BF6428F2AA770039724F /* OzmaUITests.swift */,
				9466BF6628F2AA770039724F /* OzmaUITestsLaunchTests.swift */,
			);
			path = OzmaUITests;
			sourceTree = "<group>";
		};
/* End PBXGroup section */

/* Begin PBXNativeTarget section */
		9466BF4528F2AA760039724F /* Ozma */ = {
			isa = PBXNativeTarget;
			buildConfigurationList = 9466BF6A28F2AA770039724F /* Build configuration list for PBXNativeTarget "Ozma" */;
			buildPhases = (
				9466BF4228F2AA760039724F /* Sources */,
				9466BF4328F2AA760039724F /* Frameworks */,
				9466BF4428F2AA760039724F /* Resources */,
			);
			buildRules = (
			);
			dependencies = (
			);
			name = Ozma;
			productName = Ozma;
			productReference = 9466BF4628F2AA760039724F /* Ozma.app */;
			productType = "com.apple.product-type.application";
		};
		9466BF5528F2AA770039724F /* OzmaTests */ = {
			isa = PBXNativeTarget;
			buildConfigurationList = 9466BF6D28F2AA770039724F /* Build configuration list for PBXNativeTarget "OzmaTests" */;
			buildPhases = (
				9466BF5228F2AA770039724F /* Sources */,
				9466BF5328F2AA770039724F /* Frameworks */,
				9466BF5428F2AA770039724F /* Resources */,
			);
			buildRules = (
			);
			dependencies = (
				9466BF5828F2AA770039724F /* PBXTargetDependency */,
			);
			name = OzmaTests;
			productName = OzmaTests;
			productReference = 9466BF5628F2AA770039724F /* OzmaTests.xctest */;
			productType = "com.apple.product-type.bundle.unit-test";
		};
		9466BF5F28F2AA770039724F /* OzmaUITests */ = {
			isa = PBXNativeTarget;
			buildConfigurationList = 9466BF7028F2AA770039724F /* Build configuration list for PBXNativeTarget "OzmaUITests" */;
			buildPhases = (
				9466BF5C28F2AA770039724F /* Sources */,
				9466BF5D28F2AA770039724F /* Frameworks */,
				9466BF5E28F2AA770039724F /* Resources */,
			);
			buildRules = (
			);
			dependencies = (
				9466BF6228F2AA770039724F /* PBXTargetDependency */,
			);
			name = OzmaUITests;
			productName = OzmaUITests;
			productReference = 9466BF6028F2AA770039724F /* OzmaUITests.xctest */;
			productType = "com.apple.product-type.bundle.ui-testing";
		};
/* End PBXNativeTarget section */

/* Begin PBXProject section */
		9466BF3E28F2AA760039724F /* Project object */ = {
			isa = PBXProject;
			attributes = {
				BuildIndependentTargetsInParallel = 1;
				LastSwiftUpdateCheck = 1330;
				LastUpgradeCheck = 1330;
				TargetAttributes = {
					9466BF4528F2AA760039724F = {
						CreatedOnToolsVersion = 13.3.1;
					};
					9466BF5528F2AA770039724F = {
						CreatedOnToolsVersion = 13.3.1;
						TestTargetID = 9466BF4528F2AA760039724F;
					};
					9466BF5F28F2AA770039724F = {
						CreatedOnToolsVersion = 13.3.1;
						TestTargetID = 9466BF4528F2AA760039724F;
					};
				};
			};
			buildConfigurationList = 9466BF4128F2AA760039724F /* Build configuration list for PBXProject "Ozma" */;
			compatibilityVersion = "Xcode 13.0";
			developmentRegion = en;
			hasScannedForEncodings = 0;
			knownRegions = (
				en,
				Base,
			);
			mainGroup = 9466BF3D28F2AA760039724F;
			productRefGroup = 9466BF4728F2AA760039724F /* Products */;
			projectDirPath = "";
			projectRoot = "";
			targets = (
				9466BF4528F2AA760039724F /* Ozma */,
				9466BF5528F2AA770039724F /* OzmaTests */,
				9466BF5F28F2AA770039724F /* OzmaUITests */,
			);
		};
/* End PBXProject section */

/* Begin PBXResourcesBuildPhase section */
		9466BF4428F2AA760039724F /* Resources */ = {
			isa = PBXResourcesBuildPhase;
			buildActionMask = 2147483647;
			files = (
				9466BF5128F2AA770039724F /* Preview Assets.xcassets in Resources */,
				9466BF4E28F2AA770039724F /* Assets.xcassets in Resources */,
			);
			runOnlyForDeploymentPostprocessing = 0;
		};
		9466BF5428F2AA770039724F /* Resources */ = {
			isa = PBXResourcesBuildPhase;
			buildActionMask = 2147483647;
			files = (
			);
			runOnlyForDeploymentPostprocessing = 0;
		};
		9466BF5E28F2AA770039724F /* Resources */ = {
			isa = PBXResourcesBuildPhase;
			buildActionMask = 2147483647;
			files = (
			);
			runOnlyForDeploymentPostprocessing = 0;
		};
/* End PBXResourcesBuildPhase section */

/* Begin PBXSourcesBuildPhase section */
		9466BF4228F2AA760039724F /* Sources */ = {
			isa = PBXSourcesBuildPhase;
			buildActionMask = 2147483647;
			files = (
				9466BF4C28F2AA760039724F /* ContentView.swift in Sources */,
				9466BF4A28F2AA760039724F /* OzmaApp.swift in Sources */,
			);
			runOnlyForDeploymentPostprocessing = 0;
		};
		9466BF5228F2AA770039724F /* Sources */ = {
			isa = PBXSourcesBuildPhase;
			buildActionMask = 2147483647;
			files = (
				9466BF5B28F2AA770039724F /* OzmaTests.swift in Sources */,
			);
			runOnlyForDeploymentPostprocessing = 0;
		};
		9466BF5C28F2AA770039724F /* Sources */ = {
			isa = PBXSourcesBuildPhase;
			buildActionMask = 2147483647;
			files = (
				9466BF6528F2AA770039724F /* OzmaUITests.swift in Sources */,
				9466BF6728F2AA770039724F /* OzmaUITestsLaunchTests.swift in Sources */,
			);
			runOnlyForDeploymentPostprocessing = 0;
		};
/* End PBXSourcesBuildPhase section */

/* Begin PBXTargetDependency section */
		9466BF5828F2AA770039724F /* PBXTargetDependency */ = {
			isa = PBXTargetDependency;
			target = 9466BF4528F2AA760039724F /* Ozma */;
			targetProxy = 9466BF5728F2AA770039724F /* PBXContainerItemProxy */;
		};
		9466BF6228F2AA770039724F /* PBXTargetDependency */ = {
			isa = PBXTargetDependency;
			target = 9466BF4528F2AA760039724F /* Ozma */;
			targetProxy = 9466BF6128F2AA770039724F /* PBXContainerItemProxy */;
		};
/* End PBXTargetDependency section */

/* Begin XCBuildConfiguration section */
		9466BF6828F2AA770039724F /* Debug */ = {
			isa = XCBuildConfiguration;
			buildSettings = {
				ALWAYS_SEARCH_USER_PATHS = NO;
				CLANG_ANALYZER_NONNULL = YES;
				CLANG_ANALYZER_NUMBER_OBJECT_CONVERSION = YES_AGGRESSIVE;
				CLANG_CXX_LANGUAGE_STANDARD = "gnu++17";
				CLANG_ENABLE_MODULES = YES;
				CLANG_ENABLE_OBJC_ARC = YES;
				CLANG_ENABLE_OBJC_WEAK = YES;
				CLANG_WARN_BLOCK_CAPTURE_AUTORELEASING = YES;
				CLANG_WARN_BOOL_CONVERSION = YES;
				CLANG_WARN_COMMA = YES;
				CLANG_WARN_CONSTANT_CONVERSION = YES;
				CLANG_WARN_DEPRECATED_OBJC_IMPLEMENTATIONS = YES;
				CLANG_WARN_DIRECT_OBJC_ISA_USAGE = YES_ERROR;
				CLANG_WARN_DOCUMENTATION_COMMENTS = YES;
				CLANG_WARN_EMPTY_BODY = YES;
				CLANG_WARN_ENUM_CONVERSION = YES;
				CLANG_WARN_INFINITE_RECURSION = YES;
				CLANG_WARN_INT_CONVERSION = YES;
				CLANG_WARN_NON_LITERAL_NULL_CONVERSION = YES;
				CLANG_WARN_OBJC_IMPLICIT_RETAIN_SELF = YES;
				CLANG_WARN_OBJC_LITERAL_CONVERSION = YES;
				CLANG_WARN_OBJC_ROOT_CLASS = YES_ERROR;
				CLANG_WARN_QUOTED_INCLUDE_IN_FRAMEWORK_HEADER = YES;
				CLANG_WARN_RANGE_LOOP_ANALYSIS = YES;
				CLANG_WARN_STRICT_PROTOTYPES = YES;
				CLANG_WARN_SUSPICIOUS_MOVE = YES;
				CLANG_WARN_UNGUARDED_AVAILABILITY = YES_AGGRESSIVE;
				CLANG_WARN_UNREACHABLE_CODE = YES;
				CLANG_WARN__DUPLICATE_METHOD_MATCH = YES;
				COPY_PHASE_STRIP = NO;
				DEBUG_INFORMATION_FORMAT = dwarf;
				ENABLE_STRICT_OBJC_MSGSEND = YES;
				ENABLE_TESTABILITY = YES;
				GCC_C_LANGUAGE_STANDARD = gnu11;
				GCC_DYNAMIC_NO_PIC = NO;
				GCC_NO_COMMON_BLOCKS = YES;
				GCC_OPTIMIZATION_LEVEL = 0;
				GCC_PREPROCESSOR_DEFINITIONS = (
					"DEBUG=1",
					"$(inherited)",
				);
				GCC_WARN_64_TO_32_BIT_CONVERSION = YES;
				GCC_WARN_ABOUT_RETURN_TYPE = YES_ERROR;
				GCC_WARN_UNDECLARED_SELECTOR = YES;
				GCC_WARN_UNINITIALIZED_AUTOS = YES_AGGRESSIVE;
				GCC_WARN_UNUSED_FUNCTION = YES;
				GCC_WARN_UNUSED_VARIABLE = YES;
				IPHONEOS_DEPLOYMENT_TARGET = 15.4;
				MTL_ENABLE_DEBUG_INFO = INCLUDE_SOURCE;
				MTL_FAST_MATH = YES;
				ONLY_ACTIVE_ARCH = YES;
				SDKROOT = iphoneos;
				SWIFT_ACTIVE_COMPILATION_CONDITIONS = DEBUG;
				SWIFT_OPTIMIZATION_LEVEL = "-Onone";
			};
			name = Debug;
		};
		9466BF6928F2AA770039724F /* Release */ = {
			isa = XCBuildConfiguration;
			buildSettings = {
				ALWAYS_SEARCH_USER_PATHS = NO;
				CLANG_ANALYZER_NONNULL = YES;
				CLANG_ANALYZER_NUMBER_OBJECT_CONVERSION = YES_AGGRESSIVE;
				CLANG_CXX_LANGUAGE_STANDARD = "gnu++17";
				CLANG_ENABLE_MODULES = YES;
				CLANG_ENABLE_OBJC_ARC = YES;
				CLANG_ENABLE_OBJC_WEAK = YES;
				CLANG_WARN_BLOCK_CAPTURE_AUTORELEASING = YES;
				CLANG_WARN_BOOL_CONVERSION = YES;
				CLANG_WARN_COMMA = YES;
				CLANG_WARN_CONSTANT_CONVERSION = YES;
				CLANG_WARN_DEPRECATED_OBJC_IMPLEMENTATIONS = YES;
				CLANG_WARN_DIRECT_OBJC_ISA_USAGE = YES_ERROR;
				CLANG_WARN_DOCUMENTATION_COMMENTS = YES;
				CLANG_WARN_EMPTY_BODY = YES;
				CLANG_WARN_ENUM_CONVERSION = YES;
				CLANG_WARN_INFINITE_RECURSION = YES;
				CLANG_WARN_INT_CONVERSION = YES;
				CLANG_WARN_NON_LITERAL_NULL_CONVERSION = YES;
				CLANG_WARN_OBJC_IMPLICIT_RETAIN_SELF = YES;
				CLANG_WARN_OBJC_LITERAL_CONVERSION = YES;
				CLANG_WARN_OBJC_ROOT_CLASS = YES_ERROR;
				CLANG_WARN_QUOTED_INCLUDE_IN_FRAMEWORK_HEADER = YES;
				CLANG_WARN_RANGE_LOOP_ANALYSIS = YES;
				CLANG_WARN_STRICT_PROTOTYPES = YES;
				CLANG_WARN_SUSPICIOUS_MOVE = YES;
				CLANG_WARN_UNGUARDED_AVAILABILITY = YES_AGGRESSIVE;
				CLANG_WARN_UNREACHABLE_CODE = YES;
				CLANG_WARN__DUPLICATE_METHOD_MATCH = YES;
				COPY_PHASE_STRIP = NO;
				DEBUG_INFORMATION_FORMAT = "dwarf-with-dsym";
				ENABLE_NS_ASSERTIONS = NO;
				ENABLE_STRICT_OBJC_MSGSEND = YES;
				GCC_C_LANGUAGE_STANDARD = gnu11;
				GCC_NO_COMMON_BLOCKS = YES;
				GCC_WARN_64_TO_32_BIT_CONVERSION = YES;
				GCC_WARN_ABOUT_RETURN_TYPE = YES_ERROR;
				GCC_WARN_UNDECLARED_SELECTOR = YES;
				GCC_WARN_UNINITIALIZED_AUTOS = YES_AGGRESSIVE;
				GCC_WARN_UNUSED_FUNCTION = YES;
				GCC_WARN_UNUSED_VARIABLE = YES;
				IPHONEOS_DEPLOYMENT_TARGET = 15.4;
				MTL_ENABLE_DEBUG_INFO = NO;
				MTL_FAST_MATH = YES;
				SDKROOT = iphoneos;
				SWIFT_COMPILATION_MODE = wholemodule;
				SWIFT_OPTIMIZATION_LEVEL = "-O";
				VALIDATE_PRODUCT = YES;
			};
			name = Release;
		};
		9466BF6B28F2AA770039724F /* Debug */ = {
			isa = XCBuildConfiguration;
			buildSettings = {
				ASSETCATALOG_COMPILER_APPICON_NAME = AppIcon;
				ASSETCATALOG_COMPILER_GLOBAL_ACCENT_COLOR_NAME = AccentColor;
				CODE_SIGN_STYLE = Automatic;
				CURRENT_PROJECT_VERSION = 1;
				DEVELOPMENT_ASSET_PATHS = "\"Ozma/Preview Content\"";
				DEVELOPMENT_TEAM = VUJ486KNEX;
				ENABLE_PREVIEWS = YES;
				GENERATE_INFOPLIST_FILE = YES;
				INFOPLIST_KEY_UIApplicationSceneManifest_Generation = YES;
				INFOPLIST_KEY_UIApplicationSupportsIndirectInputEvents = YES;
				INFOPLIST_KEY_UILaunchScreen_Generation = YES;
				INFOPLIST_KEY_UISupportedInterfaceOrientations_iPad = "UIInterfaceOrientationPortrait UIInterfaceOrientationPortraitUpsideDown UIInterfaceOrientationLandscapeLeft UIInterfaceOrientationLandscapeRight";
				INFOPLIST_KEY_UISupportedInterfaceOrientations_iPhone = "UIInterfaceOrientationPortrait UIInterfaceOrientationLandscapeLeft UIInterfaceOrientationLandscapeRight";
				LD_RUNPATH_SEARCH_PATHS = (
					"$(inherited)",
					"@executable_path/Frameworks",
				);
				MARKETING_VERSION = 1.0;
				PRODUCT_BUNDLE_IDENTIFIER = com.Matin.Ozma;
				PRODUCT_NAME = "$(TARGET_NAME)";
				SWIFT_EMIT_LOC_STRINGS = YES;
				SWIFT_VERSION = 5.0;
				TARGETED_DEVICE_FAMILY = "1,2";
			};
			name = Debug;
		};
		9466BF6C28F2AA770039724F /* Release */ = {
			isa = XCBuildConfiguration;
			buildSettings = {
				ASSETCATALOG_COMPILER_APPICON_NAME = AppIcon;
				ASSETCATALOG_COMPILER_GLOBAL_ACCENT_COLOR_NAME = AccentColor;
				CODE_SIGN_STYLE = Automatic;
				CURRENT_PROJECT_VERSION = 1;
				DEVELOPMENT_ASSET_PATHS = "\"Ozma/Preview Content\"";
				DEVELOPMENT_TEAM = VUJ486KNEX;
				ENABLE_PREVIEWS = YES;
				GENERATE_INFOPLIST_FILE = YES;
				INFOPLIST_KEY_UIApplicationSceneManifest_Generation = YES;
				INFOPLIST_KEY_UIApplicationSupportsIndirectInputEvents = YES;
				INFOPLIST_KEY_UILaunchScreen_Generation = YES;
				INFOPLIST_KEY_UISupportedInterfaceOrientations_iPad = "UIInterfaceOrientationPortrait UIInterfaceOrientationPortraitUpsideDown UIInterfaceOrientationLandscapeLeft UIInterfaceOrientationLandscapeRight";
				INFOPLIST_KEY_UISupportedInterfaceOrientations_iPhone = "UIInterfaceOrientationPortrait UIInterfaceOrientationLandscapeLeft UIInterfaceOrientationLandscapeRight";
				LD_RUNPATH_SEARCH_PATHS = (
					"$(inherited)",
					"@executable_path/Frameworks",
				);
				MARKETING_VERSION = 1.0;
				PRODUCT_BUNDLE_IDENTIFIER = com.Matin.Ozma;
				PRODUCT_NAME = "$(TARGET_NAME)";
				SWIFT_EMIT_LOC_STRINGS = YES;
				SWIFT_VERSION = 5.0;
				TARGETED_DEVICE_FAMILY = "1,2";
			};
			name = Release;
		};
		9466BF6E28F2AA770039724F /* Debug */ = {
			isa = XCBuildConfiguration;
			buildSettings = {
				ALWAYS_EMBED_SWIFT_STANDARD_LIBRARIES = YES;
				BUNDLE_LOADER = "$(TEST_HOST)";
				CODE_SIGN_STYLE = Automatic;
				CURRENT_PROJECT_VERSION = 1;
				DEVELOPMENT_TEAM = VUJ486KNEX;
				GENERATE_INFOPLIST_FILE = YES;
				IPHONEOS_DEPLOYMENT_TARGET = 15.4;
				MARKETING_VERSION = 1.0;
				PRODUCT_BUNDLE_IDENTIFIER = com.Matin.OzmaTests;
				PRODUCT_NAME = "$(TARGET_NAME)";
				SWIFT_EMIT_LOC_STRINGS = NO;
				SWIFT_VERSION = 5.0;
				TARGETED_DEVICE_FAMILY = "1,2";
				TEST_HOST = "$(BUILT_PRODUCTS_DIR)/Ozma.app/Ozma";
			};
			name = Debug;
		};
		9466BF6F28F2AA770039724F /* Release */ = {
			isa = XCBuildConfiguration;
			buildSettings = {
				ALWAYS_EMBED_SWIFT_STANDARD_LIBRARIES = YES;
				BUNDLE_LOADER = "$(TEST_HOST)";
				CODE_SIGN_STYLE = Automatic;
				CURRENT_PROJECT_VERSION = 1;
				DEVELOPMENT_TEAM = VUJ486KNEX;
				GENERATE_INFOPLIST_FILE = YES;
				IPHONEOS_DEPLOYMENT_TARGET = 15.4;
				MARKETING_VERSION = 1.0;
				PRODUCT_BUNDLE_IDENTIFIER = com.Matin.OzmaTests;
				PRODUCT_NAME = "$(TARGET_NAME)";
				SWIFT_EMIT_LOC_STRINGS = NO;
				SWIFT_VERSION = 5.0;
				TARGETED_DEVICE_FAMILY = "1,2";
				TEST_HOST = "$(BUILT_PRODUCTS_DIR)/Ozma.app/Ozma";
			};
			name = Release;
		};
		9466BF7128F2AA770039724F /* Debug */ = {
			isa = XCBuildConfiguration;
			buildSettings = {
				ALWAYS_EMBED_SWIFT_STANDARD_LIBRARIES = YES;
				CODE_SIGN_STYLE = Automatic;
				CURRENT_PROJECT_VERSION = 1;
				DEVELOPMENT_TEAM = VUJ486KNEX;
				GENERATE_INFOPLIST_FILE = YES;
				MARKETING_VERSION = 1.0;
				PRODUCT_BUNDLE_IDENTIFIER = com.Matin.OzmaUITests;
				PRODUCT_NAME = "$(TARGET_NAME)";
				SWIFT_EMIT_LOC_STRINGS = NO;
				SWIFT_VERSION = 5.0;
				TARGETED_DEVICE_FAMILY = "1,2";
				TEST_TARGET_NAME = Ozma;
			};
			name = Debug;
		};
		9466BF7228F2AA770039724F /* Release */ = {
			isa = XCBuildConfiguration;
			buildSettings = {
				ALWAYS_EMBED_SWIFT_STANDARD_LIBRARIES = YES;
				CODE_SIGN_STYLE = Automatic;
				CURRENT_PROJECT_VERSION = 1;
				DEVELOPMENT_TEAM = VUJ486KNEX;
				GENERATE_INFOPLIST_FILE = YES;
				MARKETING_VERSION = 1.0;
				PRODUCT_BUNDLE_IDENTIFIER = com.Matin.OzmaUITests;
				PRODUCT_NAME = "$(TARGET_NAME)";
				SWIFT_EMIT_LOC_STRINGS = NO;
				SWIFT_VERSION = 5.0;
				TARGETED_DEVICE_FAMILY = "1,2";
				TEST_TARGET_NAME = Ozma;
			};
			name = Release;
		};
/* End XCBuildConfiguration section */

/* Begin XCConfigurationList section */
		9466BF4128F2AA760039724F /* Build configuration list for PBXProject "Ozma" */ = {
			isa = XCConfigurationList;
			buildConfigurations = (
				9466BF6828F2AA770039724F /* Debug */,
				9466BF6928F2AA770039724F /* Release */,
			);
			defaultConfigurationIsVisible = 0;
			defaultConfigurationName = Release;
		};
		9466BF6A28F2AA770039724F /* Build configuration list for PBXNativeTarget "Ozma" */ = {
			isa = XCConfigurationList;
			buildConfigurations = (
				9466BF6B28F2AA770039724F /* Debug */,
				9466BF6C28F2AA770039724F /* Release */,
			);
			defaultConfigurationIsVisible = 0;
			defaultConfigurationName = Release;
		};
		9466BF6D28F2AA770039724F /* Build configuration list for PBXNativeTarget "OzmaTests" */ = {
			isa = XCConfigurationList;
			buildConfigurations = (
				9466BF6E28F2AA770039724F /* Debug */,
				9466BF6F28F2AA770039724F /* Release */,
			);
			defaultConfigurationIsVisible = 0;
			defaultConfigurationName = Release;
		};
		9466BF7028F2AA770039724F /* Build configuration list for PBXNativeTarget "OzmaUITests" */ = {
			isa = XCConfigurationList;
			buildConfigurations = (
				9466BF7128F2AA770039724F /* Debug */,
				9466BF7228F2AA770039724F /* Release */,
			);
			defaultConfigurationIsVisible = 0;
			defaultConfigurationName = Release;
		};
/* End XCConfigurationList section */
	};
	rootObject = 9466BF3E28F2AA760039724F /* Project object */;
}
